
Microsoft Visual Studio Solution File, Format Version 12.00
# Visual Studio Version 17
VisualStudioVersion = 17.4.33027.239
MinimumVisualStudioVersion = 10.0.40219.1
Project("{FAE04EC0-301F-11D3-BF4B-00C04F79EFBC}") = "DotNetNuGetDownloader", "DotNetNuGetDownloader\DotNetNuGetDownloader.csproj", "{72AE5D4B-9933-4195-BE39-D62BAAF11E31}"
EndProject
Global
	GlobalSection(SolutionConfigurationPlatforms) = preSolution
		Debug|Any CPU = Debug|Any CPU
		Release|Any CPU = Release|Any CPU
	EndGlobalSection
	GlobalSection(ProjectConfigurationPlatforms) = postSolution
		{72AE5D4B-9933-4195-BE39-D62BAAF11E31}.Debug|Any CPU.ActiveCfg = Debug|Any CPU
		{72AE5D4B-9933-4195-BE39-D62BAAF11E31}.Debug|Any CPU.Build.0 = Debug|Any CPU
		{72AE5D4B-9933-4195-BE39-D62BAAF11E31}.Release|Any CPU.ActiveCfg = Release|Any CPU
		{72AE5D4B-9933-4195-BE39-D62BAAF11E31}.Release|Any CPU.Build.0 = Release|Any CPU
	EndGlobalSection
	GlobalSection(SolutionProperties) = preSolution
		HideSolutionNode = FALSE
	EndGlobalSection
	GlobalSection(ExtensibilityGlobals) = postSolution
		SolutionGuid = {2C68E513-9844-4D4E-B56E-4630D026B625}
	EndGlobalSection
EndGlobal
